
Microsoft Visual Studio Solution File, Format Version 12.00
# Visual Studio 15
VisualStudioVersion = 15.0.28307.168
MinimumVisualStudioVersion = 10.0.40219.1
Project("{FAE04EC0-301F-11D3-BF4B-00C04F79EFBC}") = "XamarinProject.Android", "XamarinProject\XamarinProject.Android\XamarinProject.Android.csproj", "{E63957A2-7D1F-49FA-8597-C5C599FAE03C}"
EndProject
Project("{FAE04EC0-301F-11D3-BF4B-00C04F79EFBC}") = "XamarinProject.iOS", "XamarinProject\XamarinProject.iOS\XamarinProject.iOS.csproj", "{F4AD78B3-A52D-422B-9591-C02BA1A4164C}"
EndProject
Project("{FAE04EC0-301F-11D3-BF4B-00C04F79EFBC}") = "XamarinProject.UWP", "XamarinProject\XamarinProject.UWP\XamarinProject.UWP.csproj", "{2CAD7035-F4A9-482F-BD08-7067D72F1066}"
EndProject
Project("{FAE04EC0-301F-11D3-BF4B-00C04F79EFBC}") = "XamarinProject", "XamarinProject\XamarinProject\XamarinProject.csproj", "{CBA40CDE-937B-42F8-805A-EAD55AE0CA3E}"
EndProject
Global
	GlobalSection(SolutionConfigurationPlatforms) = preSolution
		Ad-Hoc|Any CPU = Ad-Hoc|Any CPU
		Ad-Hoc|ARM = Ad-Hoc|ARM
		Ad-Hoc|iPhone = Ad-Hoc|iPhone
		Ad-Hoc|iPhoneSimulator = Ad-Hoc|iPhoneSimulator
		Ad-Hoc|x64 = Ad-Hoc|x64
		Ad-Hoc|x86 = Ad-Hoc|x86
		AppStore|Any CPU = AppStore|Any CPU
		AppStore|ARM = AppStore|ARM
		AppStore|iPhone = AppStore|iPhone
		AppStore|iPhoneSimulator = AppStore|iPhoneSimulator
		AppStore|x64 = AppStore|x64
		AppStore|x86 = AppStore|x86
		Debug|Any CPU = Debug|Any CPU
		Debug|ARM = Debug|ARM
		Debug|iPhone = Debug|iPhone
		Debug|iPhoneSimulator = Debug|iPhoneSimulator
		Debug|x64 = Debug|x64
		Debug|x86 = Debug|x86
		Release|Any CPU = Release|Any CPU
		Release|ARM = Release|ARM
		Release|iPhone = Release|iPhone
		Release|iPhoneSimulator = Release|iPhoneSimulator
		Release|x64 = Release|x64
		Release|x86 = Release|x86
	EndGlobalSection
	GlobalSection(ProjectConfigurationPlatforms) = postSolution
		{E63957A2-7D1F-49FA-8597-C5C599FAE03C}.Ad-Hoc|Any CPU.ActiveCfg = Release|Any CPU
		{E63957A2-7D1F-49FA-8597-C5C599FAE03C}.Ad-Hoc|Any CPU.Build.0 = Release|Any CPU
		{E63957A2-7D1F-49FA-8597-C5C599FAE03C}.Ad-Hoc|Any CPU.Deploy.0 = Release|Any CPU
		{E63957A2-7D1F-49FA-8597-C5C599FAE03C}.Ad-Hoc|ARM.ActiveCfg = Release|Any CPU
		{E63957A2-7D1F-49FA-8597-C5C599FAE03C}.Ad-Hoc|ARM.Build.0 = Release|Any CPU
		{E63957A2-7D1F-49FA-8597-C5C599FAE03C}.Ad-Hoc|ARM.Deploy.0 = Release|Any CPU
		{E63957A2-7D1F-49FA-8597-C5C599FAE03C}.Ad-Hoc|iPhone.ActiveCfg = Release|Any CPU
		{E63957A2-7D1F-49FA-8597-C5C599FAE03C}.Ad-Hoc|iPhone.Build.0 = Release|Any CPU
		{E63957A2-7D1F-49FA-8597-C5C599FAE03C}.Ad-Hoc|iPhone.Deploy.0 = Release|Any CPU
		{E63957A2-7D1F-49FA-8597-C5C599FAE03C}.Ad-Hoc|iPhoneSimulator.ActiveCfg = Release|Any CPU
		{E63957A2-7D1F-49FA-8597-C5C599FAE03C}.Ad-Hoc|iPhoneSimulator.Build.0 = Release|Any CPU
		{E63957A2-7D1F-49FA-8597-C5C599FAE03C}.Ad-Hoc|iPhoneSimulator.Deploy.0 = Release|Any CPU
		{E63957A2-7D1F-49FA-8597-C5C599FAE03C}.Ad-Hoc|x64.ActiveCfg = Release|Any CPU
		{E63957A2-7D1F-49FA-8597-C5C599FAE03C}.Ad-Hoc|x64.Build.0 = Release|Any CPU
		{E63957A2-7D1F-49FA-8597-C5C599FAE03C}.Ad-Hoc|x64.Deploy.0 = Release|Any CPU
		{E63957A2-7D1F-49FA-8597-C5C599FAE03C}.Ad-Hoc|x86.ActiveCfg = Release|Any CPU
		{E63957A2-7D1F-49FA-8597-C5C599FAE03C}.Ad-Hoc|x86.Build.0 = Release|Any CPU
		{E63957A2-7D1F-49FA-8597-C5C599FAE03C}.Ad-Hoc|x86.Deploy.0 = Release|Any CPU
		{E63957A2-7D1F-49FA-8597-C5C599FAE03C}.AppStore|Any CPU.ActiveCfg = Release|Any CPU
		{E63957A2-7D1F-49FA-8597-C5C599FAE03C}.AppStore|Any CPU.Build.0 = Release|Any CPU
		{E63957A2-7D1F-49FA-8597-C5C599FAE03C}.AppStore|Any CPU.Deploy.0 = Release|Any CPU
		{E63957A2-7D1F-49FA-8597-C5C599FAE03C}.AppStore|ARM.ActiveCfg = Release|Any CPU
		{E63957A2-7D1F-49FA-8597-C5C599FAE03C}.AppStore|ARM.Build.0 = Release|Any CPU
		{E63957A2-7D1F-49FA-8597-C5C599FAE03C}.AppStore|ARM.Deploy.0 = Release|Any CPU
		{E63957A2-7D1F-49FA-8597-C5C599FAE03C}.AppStore|iPhone.ActiveCfg = Release|Any CPU
		{E63957A2-7D1F-49FA-8597-C5C599FAE03C}.AppStore|iPhone.Build.0 = Release|Any CPU
		{E63957A2-7D1F-49FA-8597-C5C599FAE03C}.AppStore|iPhone.Deploy.0 = Release|Any CPU
		{E63957A2-7D1F-49FA-8597-C5C599FAE03C}.AppStore|iPhoneSimulator.ActiveCfg = Release|Any CPU
		{E63957A2-7D1F-49FA-8597-C5C599FAE03C}.AppStore|iPhoneSimulator.Build.0 = Release|Any CPU
		{E63957A2-7D1F-49FA-8597-C5C599FAE03C}.AppStore|iPhoneSimulator.Deploy.0 = Release|Any CPU
		{E63957A2-7D1F-49FA-8597-C5C599FAE03C}.AppStore|x64.ActiveCfg = Release|Any CPU
		{E63957A2-7D1F-49FA-8597-C5C599FAE03C}.AppStore|x64.Build.0 = Release|Any CPU
		{E63957A2-7D1F-49FA-8597-C5C599FAE03C}.AppStore|x64.Deploy.0 = Release|Any CPU
		{E63957A2-7D1F-49FA-8597-C5C599FAE03C}.AppStore|x86.ActiveCfg = Release|Any CPU
		{E63957A2-7D1F-49FA-8597-C5C599FAE03C}.AppStore|x86.Build.0 = Release|Any CPU
		{E63957A2-7D1F-49FA-8597-C5C599FAE03C}.AppStore|x86.Deploy.0 = Release|Any CPU
		{E63957A2-7D1F-49FA-8597-C5C599FAE03C}.Debug|Any CPU.ActiveCfg = Debug|Any CPU
		{E63957A2-7D1F-49FA-8597-C5C599FAE03C}.Debug|Any CPU.Build.0 = Debug|Any CPU
		{E63957A2-7D1F-49FA-8597-C5C599FAE03C}.Debug|Any CPU.Deploy.0 = Debug|Any CPU
		{E63957A2-7D1F-49FA-8597-C5C599FAE03C}.Debug|ARM.ActiveCfg = Debug|Any CPU
		{E63957A2-7D1F-49FA-8597-C5C599FAE03C}.Debug|ARM.Build.0 = Debug|Any CPU
		{E63957A2-7D1F-49FA-8597-C5C599FAE03C}.Debug|ARM.Deploy.0 = Debug|Any CPU
		{E63957A2-7D1F-49FA-8597-C5C599FAE03C}.Debug|iPhone.ActiveCfg = Debug|Any CPU
		{E63957A2-7D1F-49FA-8597-C5C599FAE03C}.Debug|iPhone.Build.0 = Debug|Any CPU
		{E63957A2-7D1F-49FA-8597-C5C599FAE03C}.Debug|iPhone.Deploy.0 = Debug|Any CPU
		{E63957A2-7D1F-49FA-8597-C5C599FAE03C}.Debug|iPhoneSimulator.ActiveCfg = Debug|Any CPU
		{E63957A2-7D1F-49FA-8597-C5C599FAE03C}.Debug|iPhoneSimulator.Build.0 = Debug|Any CPU
		{E63957A2-7D1F-49FA-8597-C5C599FAE03C}.Debug|iPhoneSimulator.Deploy.0 = Debug|Any CPU
		{E63957A2-7D1F-49FA-8597-C5C599FAE03C}.Debug|x64.ActiveCfg = Debug|Any CPU
		{E63957A2-7D1F-49FA-8597-C5C599FAE03C}.Debug|x64.Build.0 = Debug|Any CPU
		{E63957A2-7D1F-49FA-8597-C5C599FAE03C}.Debug|x64.Deploy.0 = Debug|Any CPU
		{E63957A2-7D1F-49FA-8597-C5C599FAE03C}.Debug|x86.ActiveCfg = Debug|Any CPU
		{E63957A2-7D1F-49FA-8597-C5C599FAE03C}.Debug|x86.Build.0 = Debug|Any CPU
		{E63957A2-7D1F-49FA-8597-C5C599FAE03C}.Debug|x86.Deploy.0 = Debug|Any CPU
		{E63957A2-7D1F-49FA-8597-C5C599FAE03C}.Release|Any CPU.ActiveCfg = Release|Any CPU
		{E63957A2-7D1F-49FA-8597-C5C599FAE03C}.Release|Any CPU.Build.0 = Release|Any CPU
		{E63957A2-7D1F-49FA-8597-C5C599FAE03C}.Release|Any CPU.Deploy.0 = Release|Any CPU
		{E63957A2-7D1F-49FA-8597-C5C599FAE03C}.Release|ARM.ActiveCfg = Release|Any CPU
		{E63957A2-7D1F-49FA-8597-C5C599FAE03C}.Release|ARM.Build.0 = Release|Any CPU
		{E63957A2-7D1F-49FA-8597-C5C599FAE03C}.Release|ARM.Deploy.0 = Release|Any CPU
		{E63957A2-7D1F-49FA-8597-C5C599FAE03C}.Release|iPhone.ActiveCfg = Release|Any CPU
		{E63957A2-7D1F-49FA-8597-C5C599FAE03C}.Release|iPhone.Build.0 = Release|Any CPU
		{E63957A2-7D1F-49FA-8597-C5C599FAE03C}.Release|iPhone.Deploy.0 = Release|Any CPU
		{E63957A2-7D1F-49FA-8597-C5C599FAE03C}.Release|iPhoneSimulator.ActiveCfg = Release|Any CPU
		{E63957A2-7D1F-49FA-8597-C5C599FAE03C}.Release|iPhoneSimulator.Build.0 = Release|Any CPU
		{E63957A2-7D1F-49FA-8597-C5C599FAE03C}.Release|iPhoneSimulator.Deploy.0 = Release|Any CPU
		{E63957A2-7D1F-49FA-8597-C5C599FAE03C}.Release|x64.ActiveCfg = Release|Any CPU
		{E63957A2-7D1F-49FA-8597-C5C599FAE03C}.Release|x64.Build.0 = Release|Any CPU
		{E63957A2-7D1F-49FA-8597-C5C599FAE03C}.Release|x64.Deploy.0 = Release|Any CPU
		{E63957A2-7D1F-49FA-8597-C5C599FAE03C}.Release|x86.ActiveCfg = Release|Any CPU
		{E63957A2-7D1F-49FA-8597-C5C599FAE03C}.Release|x86.Build.0 = Release|Any CPU
		{E63957A2-7D1F-49FA-8597-C5C599FAE03C}.Release|x86.Deploy.0 = Release|Any CPU
		{F4AD78B3-A52D-422B-9591-C02BA1A4164C}.Ad-Hoc|Any CPU.ActiveCfg = Ad-Hoc|iPhone
		{F4AD78B3-A52D-422B-9591-C02BA1A4164C}.Ad-Hoc|Any CPU.Build.0 = Ad-Hoc|iPhone
		{F4AD78B3-A52D-422B-9591-C02BA1A4164C}.Ad-Hoc|Any CPU.Deploy.0 = Ad-Hoc|iPhone
		{F4AD78B3-A52D-422B-9591-C02BA1A4164C}.Ad-Hoc|ARM.ActiveCfg = Ad-Hoc|iPhone
		{F4AD78B3-A52D-422B-9591-C02BA1A4164C}.Ad-Hoc|ARM.Build.0 = Ad-Hoc|iPhone
		{F4AD78B3-A52D-422B-9591-C02BA1A4164C}.Ad-Hoc|ARM.Deploy.0 = Ad-Hoc|iPhone
		{F4AD78B3-A52D-422B-9591-C02BA1A4164C}.Ad-Hoc|iPhone.ActiveCfg = Ad-Hoc|iPhone
		{F4AD78B3-A52D-422B-9591-C02BA1A4164C}.Ad-Hoc|iPhone.Build.0 = Ad-Hoc|iPhone
		{F4AD78B3-A52D-422B-9591-C02BA1A4164C}.Ad-Hoc|iPhone.Deploy.0 = Ad-Hoc|iPhone
		{F4AD78B3-A52D-422B-9591-C02BA1A4164C}.Ad-Hoc|iPhoneSimulator.ActiveCfg = Ad-Hoc|iPhoneSimulator
		{F4AD78B3-A52D-422B-9591-C02BA1A4164C}.Ad-Hoc|iPhoneSimulator.Build.0 = Ad-Hoc|iPhoneSimulator
		{F4AD78B3-A52D-422B-9591-C02BA1A4164C}.Ad-Hoc|iPhoneSimulator.Deploy.0 = Ad-Hoc|iPhoneSimulator
		{F4AD78B3-A52D-422B-9591-C02BA1A4164C}.Ad-Hoc|x64.ActiveCfg = Ad-Hoc|iPhone
		{F4AD78B3-A52D-422B-9591-C02BA1A4164C}.Ad-Hoc|x64.Build.0 = Ad-Hoc|iPhone
		{F4AD78B3-A52D-422B-9591-C02BA1A4164C}.Ad-Hoc|x64.Deploy.0 = Ad-Hoc|iPhone
		{F4AD78B3-A52D-422B-9591-C02BA1A4164C}.Ad-Hoc|x86.ActiveCfg = Ad-Hoc|iPhone
		{F4AD78B3-A52D-422B-9591-C02BA1A4164C}.Ad-Hoc|x86.Build.0 = Ad-Hoc|iPhone
		{F4AD78B3-A52D-422B-9591-C02BA1A4164C}.Ad-Hoc|x86.Deploy.0 = Ad-Hoc|iPhone
		{F4AD78B3-A52D-422B-9591-C02BA1A4164C}.AppStore|Any CPU.ActiveCfg = AppStore|iPhone
		{F4AD78B3-A52D-422B-9591-C02BA1A4164C}.AppStore|Any CPU.Build.0 = AppStore|iPhone
		{F4AD78B3-A52D-422B-9591-C02BA1A4164C}.AppStore|Any CPU.Deploy.0 = AppStore|iPhone
		{F4AD78B3-A52D-422B-9591-C02BA1A4164C}.AppStore|ARM.ActiveCfg = AppStore|iPhone
		{F4AD78B3-A52D-422B-9591-C02BA1A4164C}.AppStore|ARM.Build.0 = AppStore|iPhone
		{F4AD78B3-A52D-422B-9591-C02BA1A4164C}.AppStore|ARM.Deploy.0 = AppStore|iPhone
		{F4AD78B3-A52D-422B-9591-C02BA1A4164C}.AppStore|iPhone.ActiveCfg = AppStore|iPhone
		{F4AD78B3-A52D-422B-9591-C02BA1A4164C}.AppStore|iPhone.Build.0 = AppStore|iPhone
		{F4AD78B3-A52D-422B-9591-C02BA1A4164C}.AppStore|iPhone.Deploy.0 = AppStore|iPhone
		{F4AD78B3-A52D-422B-9591-C02BA1A4164C}.AppStore|iPhoneSimulator.ActiveCfg = AppStore|iPhoneSimulator
		{F4AD78B3-A52D-422B-9591-C02BA1A4164C}.AppStore|iPhoneSimulator.Build.0 = AppStore|iPhoneSimulator
		{F4AD78B3-A52D-422B-9591-C02BA1A4164C}.AppStore|iPhoneSimulator.Deploy.0 = AppStore|iPhoneSimulator
		{F4AD78B3-A52D-422B-9591-C02BA1A4164C}.AppStore|x64.ActiveCfg = AppStore|iPhone
		{F4AD78B3-A52D-422B-9591-C02BA1A4164C}.AppStore|x64.Build.0 = AppStore|iPhone
		{F4AD78B3-A52D-422B-9591-C02BA1A4164C}.AppStore|x64.Deploy.0 = AppStore|iPhone
		{F4AD78B3-A52D-422B-9591-C02BA1A4164C}.AppStore|x86.ActiveCfg = AppStore|iPhone
		{F4AD78B3-A52D-422B-9591-C02BA1A4164C}.AppStore|x86.Build.0 = AppStore|iPhone
		{F4AD78B3-A52D-422B-9591-C02BA1A4164C}.AppStore|x86.Deploy.0 = AppStore|iPhone
		{F4AD78B3-A52D-422B-9591-C02BA1A4164C}.Debug|Any CPU.ActiveCfg = Debug|iPhoneSimulator
		{F4AD78B3-A52D-422B-9591-C02BA1A4164C}.Debug|Any CPU.Build.0 = Debug|iPhoneSimulator
		{F4AD78B3-A52D-422B-9591-C02BA1A4164C}.Debug|Any CPU.Deploy.0 = Debug|iPhoneSimulator
		{F4AD78B3-A52D-422B-9591-C02BA1A4164C}.Debug|ARM.ActiveCfg = Debug|iPhone
		{F4AD78B3-A52D-422B-9591-C02BA1A4164C}.Debug|ARM.Build.0 = Debug|iPhone
		{F4AD78B3-A52D-422B-9591-C02BA1A4164C}.Debug|ARM.Deploy.0 = Debug|iPhone
		{F4AD78B3-A52D-422B-9591-C02BA1A4164C}.Debug|iPhone.ActiveCfg = Debug|iPhone
		{F4AD78B3-A52D-422B-9591-C02BA1A4164C}.Debug|iPhone.Build.0 = Debug|iPhone
		{F4AD78B3-A52D-422B-9591-C02BA1A4164C}.Debug|iPhone.Deploy.0 = Debug|iPhone
		{F4AD78B3-A52D-422B-9591-C02BA1A4164C}.Debug|iPhoneSimulator.ActiveCfg = Debug|iPhoneSimulator
		{F4AD78B3-A52D-422B-9591-C02BA1A4164C}.Debug|iPhoneSimulator.Build.0 = Debug|iPhoneSimulator
		{F4AD78B3-A52D-422B-9591-C02BA1A4164C}.Debug|iPhoneSimulator.Deploy.0 = Debug|iPhoneSimulator
		{F4AD78B3-A52D-422B-9591-C02BA1A4164C}.Debug|x64.ActiveCfg = Debug|iPhone
		{F4AD78B3-A52D-422B-9591-C02BA1A4164C}.Debug|x64.Build.0 = Debug|iPhone
		{F4AD78B3-A52D-422B-9591-C02BA1A4164C}.Debug|x64.Deploy.0 = Debug|iPhone
		{F4AD78B3-A52D-422B-9591-C02BA1A4164C}.Debug|x86.ActiveCfg = Debug|iPhone
		{F4AD78B3-A52D-422B-9591-C02BA1A4164C}.Debug|x86.Build.0 = Debug|iPhone
		{F4AD78B3-A52D-422B-9591-C02BA1A4164C}.Debug|x86.Deploy.0 = Debug|iPhone
		{F4AD78B3-A52D-422B-9591-C02BA1A4164C}.Release|Any CPU.ActiveCfg = Release|iPhone
		{F4AD78B3-A52D-422B-9591-C02BA1A4164C}.Release|Any CPU.Build.0 = Release|iPhone
		{F4AD78B3-A52D-422B-9591-C02BA1A4164C}.Release|Any CPU.Deploy.0 = Release|iPhone
		{F4AD78B3-A52D-422B-9591-C02BA1A4164C}.Release|ARM.ActiveCfg = Release|iPhone
		{F4AD78B3-A52D-422B-9591-C02BA1A4164C}.Release|ARM.Build.0 = Release|iPhone
		{F4AD78B3-A52D-422B-9591-C02BA1A4164C}.Release|ARM.Deploy.0 = Release|iPhone
		{F4AD78B3-A52D-422B-9591-C02BA1A4164C}.Release|iPhone.ActiveCfg = Release|iPhone
		{F4AD78B3-A52D-422B-9591-C02BA1A4164C}.Release|iPhone.Build.0 = Release|iPhone
		{F4AD78B3-A52D-422B-9591-C02BA1A4164C}.Release|iPhone.Deploy.0 = Release|iPhone
		{F4AD78B3-A52D-422B-9591-C02BA1A4164C}.Release|iPhoneSimulator.ActiveCfg = Release|iPhoneSimulator
		{F4AD78B3-A52D-422B-9591-C02BA1A4164C}.Release|iPhoneSimulator.Build.0 = Release|iPhoneSimulator
		{F4AD78B3-A52D-422B-9591-C02BA1A4164C}.Release|iPhoneSimulator.Deploy.0 = Release|iPhoneSimulator
		{F4AD78B3-A52D-422B-9591-C02BA1A4164C}.Release|x64.ActiveCfg = Release|iPhone
		{F4AD78B3-A52D-422B-9591-C02BA1A4164C}.Release|x64.Build.0 = Release|iPhone
		{F4AD78B3-A52D-422B-9591-C02BA1A4164C}.Release|x64.Deploy.0 = Release|iPhone
		{F4AD78B3-A52D-422B-9591-C02BA1A4164C}.Release|x86.ActiveCfg = Release|iPhone
		{F4AD78B3-A52D-422B-9591-C02BA1A4164C}.Release|x86.Build.0 = Release|iPhone
		{F4AD78B3-A52D-422B-9591-C02BA1A4164C}.Release|x86.Deploy.0 = Release|iPhone
		{2CAD7035-F4A9-482F-BD08-7067D72F1066}.Ad-Hoc|Any CPU.ActiveCfg = Release|x86
		{2CAD7035-F4A9-482F-BD08-7067D72F1066}.Ad-Hoc|Any CPU.Build.0 = Release|x86
		{2CAD7035-F4A9-482F-BD08-7067D72F1066}.Ad-Hoc|Any CPU.Deploy.0 = Release|x86
		{2CAD7035-F4A9-482F-BD08-7067D72F1066}.Ad-Hoc|ARM.ActiveCfg = Release|ARM
		{2CAD7035-F4A9-482F-BD08-7067D72F1066}.Ad-Hoc|ARM.Build.0 = Release|ARM
		{2CAD7035-F4A9-482F-BD08-7067D72F1066}.Ad-Hoc|ARM.Deploy.0 = Release|ARM
		{2CAD7035-F4A9-482F-BD08-7067D72F1066}.Ad-Hoc|iPhone.ActiveCfg = Release|x86
		{2CAD7035-F4A9-482F-BD08-7067D72F1066}.Ad-Hoc|iPhone.Build.0 = Release|x86
		{2CAD7035-F4A9-482F-BD08-7067D72F1066}.Ad-Hoc|iPhone.Deploy.0 = Release|x86
		{2CAD7035-F4A9-482F-BD08-7067D72F1066}.Ad-Hoc|iPhoneSimulator.ActiveCfg = Release|x86
		{2CAD7035-F4A9-482F-BD08-7067D72F1066}.Ad-Hoc|iPhoneSimulator.Build.0 = Release|x86
		{2CAD7035-F4A9-482F-BD08-7067D72F1066}.Ad-Hoc|iPhoneSimulator.Deploy.0 = Release|x86
		{2CAD7035-F4A9-482F-BD08-7067D72F1066}.Ad-Hoc|x64.ActiveCfg = Release|x64
		{2CAD7035-F4A9-482F-BD08-7067D72F1066}.Ad-Hoc|x64.Build.0 = Release|x64
		{2CAD7035-F4A9-482F-BD08-7067D72F1066}.Ad-Hoc|x64.Deploy.0 = Release|x64
		{2CAD7035-F4A9-482F-BD08-7067D72F1066}.Ad-Hoc|x86.ActiveCfg = Release|x86
		{2CAD7035-F4A9-482F-BD08-7067D72F1066}.Ad-Hoc|x86.Build.0 = Release|x86
		{2CAD7035-F4A9-482F-BD08-7067D72F1066}.Ad-Hoc|x86.Deploy.0 = Release|x86
		{2CAD7035-F4A9-482F-BD08-7067D72F1066}.AppStore|Any CPU.ActiveCfg = Release|x86
		{2CAD7035-F4A9-482F-BD08-7067D72F1066}.AppStore|Any CPU.Build.0 = Release|x86
		{2CAD7035-F4A9-482F-BD08-7067D72F1066}.AppStore|Any CPU.Deploy.0 = Release|x86
		{2CAD7035-F4A9-482F-BD08-7067D72F1066}.AppStore|ARM.ActiveCfg = Release|ARM
		{2CAD7035-F4A9-482F-BD08-7067D72F1066}.AppStore|ARM.Build.0 = Release|ARM
		{2CAD7035-F4A9-482F-BD08-7067D72F1066}.AppStore|ARM.Deploy.0 = Release|ARM
		{2CAD7035-F4A9-482F-BD08-7067D72F1066}.AppStore|iPhone.ActiveCfg = Release|x86
		{2CAD7035-F4A9-482F-BD08-7067D72F1066}.AppStore|iPhone.Build.0 = Release|x86
		{2CAD7035-F4A9-482F-BD08-7067D72F1066}.AppStore|iPhone.Deploy.0 = Release|x86
		{2CAD7035-F4A9-482F-BD08-7067D72F1066}.AppStore|iPhoneSimulator.ActiveCfg = Release|x86
		{2CAD7035-F4A9-482F-BD08-7067D72F1066}.AppStore|iPhoneSimulator.Build.0 = Release|x86
		{2CAD7035-F4A9-482F-BD08-7067D72F1066}.AppStore|iPhoneSimulator.Deploy.0 = Release|x86
		{2CAD7035-F4A9-482F-BD08-7067D72F1066}.AppStore|x64.ActiveCfg = Release|x64
		{2CAD7035-F4A9-482F-BD08-7067D72F1066}.AppStore|x64.Build.0 = Release|x64
		{2CAD7035-F4A9-482F-BD08-7067D72F1066}.AppStore|x64.Deploy.0 = Release|x64
		{2CAD7035-F4A9-482F-BD08-7067D72F1066}.AppStore|x86.ActiveCfg = Release|x86
		{2CAD7035-F4A9-482F-BD08-7067D72F1066}.AppStore|x86.Build.0 = Release|x86
		{2CAD7035-F4A9-482F-BD08-7067D72F1066}.AppStore|x86.Deploy.0 = Release|x86
		{2CAD7035-F4A9-482F-BD08-7067D72F1066}.Debug|Any CPU.ActiveCfg = Debug|x86
		{2CAD7035-F4A9-482F-BD08-7067D72F1066}.Debug|Any CPU.Build.0 = Debug|x86
		{2CAD7035-F4A9-482F-BD08-7067D72F1066}.Debug|Any CPU.Deploy.0 = Debug|x86
		{2CAD7035-F4A9-482F-BD08-7067D72F1066}.Debug|ARM.ActiveCfg = Debug|ARM
		{2CAD7035-F4A9-482F-BD08-7067D72F1066}.Debug|ARM.Build.0 = Debug|ARM
		{2CAD7035-F4A9-482F-BD08-7067D72F1066}.Debug|ARM.Deploy.0 = Debug|ARM
		{2CAD7035-F4A9-482F-BD08-7067D72F1066}.Debug|iPhone.ActiveCfg = Debug|x86
		{2CAD7035-F4A9-482F-BD08-7067D72F1066}.Debug|iPhone.Build.0 = Debug|x86
		{2CAD7035-F4A9-482F-BD08-7067D72F1066}.Debug|iPhone.Deploy.0 = Debug|x86
		{2CAD7035-F4A9-482F-BD08-7067D72F1066}.Debug|iPhoneSimulator.ActiveCfg = Debug|x86
		{2CAD7035-F4A9-482F-BD08-7067D72F1066}.Debug|iPhoneSimulator.Build.0 = Debug|x86
		{2CAD7035-F4A9-482F-BD08-7067D72F1066}.Debug|iPhoneSimulator.Deploy.0 = Debug|x86
		{2CAD7035-F4A9-482F-BD08-7067D72F1066}.Debug|x64.ActiveCfg = Debug|x64
		{2CAD7035-F4A9-482F-BD08-7067D72F1066}.Debug|x64.Build.0 = Debug|x64
		{2CAD7035-F4A9-482F-BD08-7067D72F1066}.Debug|x64.Deploy.0 = Debug|x64
		{2CAD7035-F4A9-482F-BD08-7067D72F1066}.Debug|x86.ActiveCfg = Debug|x86
		{2CAD7035-F4A9-482F-BD08-7067D72F1066}.Debug|x86.Build.0 = Debug|x86
		{2CAD7035-F4A9-482F-BD08-7067D72F1066}.Debug|x86.Deploy.0 = Debug|x86
		{2CAD7035-F4A9-482F-BD08-7067D72F1066}.Release|Any CPU.ActiveCfg = Release|x86
		{2CAD7035-F4A9-482F-BD08-7067D72F1066}.Release|Any CPU.Build.0 = Release|x86
		{2CAD7035-F4A9-482F-BD08-7067D72F1066}.Release|Any CPU.Deploy.0 = Release|x86
		{2CAD7035-F4A9-482F-BD08-7067D72F1066}.Release|ARM.ActiveCfg = Release|ARM
		{2CAD7035-F4A9-482F-BD08-7067D72F1066}.Release|ARM.Build.0 = Release|ARM
		{2CAD7035-F4A9-482F-BD08-7067D72F1066}.Release|ARM.Deploy.0 = Release|ARM
		{2CAD7035-F4A9-482F-BD08-7067D72F1066}.Release|iPhone.ActiveCfg = Release|x86
		{2CAD7035-F4A9-482F-BD08-7067D72F1066}.Release|iPhone.Build.0 = Release|x86
		{2CAD7035-F4A9-482F-BD08-7067D72F1066}.Release|iPhone.Deploy.0 = Release|x86
		{2CAD7035-F4A9-482F-BD08-7067D72F1066}.Release|iPhoneSimulator.ActiveCfg = Release|x86
		{2CAD7035-F4A9-482F-BD08-7067D72F1066}.Release|iPhoneSimulator.Build.0 = Release|x86
		{2CAD7035-F4A9-482F-BD08-7067D72F1066}.Release|iPhoneSimulator.Deploy.0 = Release|x86
		{2CAD7035-F4A9-482F-BD08-7067D72F1066}.Release|x64.ActiveCfg = Release|x64
		{2CAD7035-F4A9-482F-BD08-7067D72F1066}.Release|x64.Build.0 = Release|x64
		{2CAD7035-F4A9-482F-BD08-7067D72F1066}.Release|x64.Deploy.0 = Release|x64
		{2CAD7035-F4A9-482F-BD08-7067D72F1066}.Release|x86.ActiveCfg = Release|x86
		{2CAD7035-F4A9-482F-BD08-7067D72F1066}.Release|x86.Build.0 = Release|x86
		{2CAD7035-F4A9-482F-BD08-7067D72F1066}.Release|x86.Deploy.0 = Release|x86
		{CBA40CDE-937B-42F8-805A-EAD55AE0CA3E}.Ad-Hoc|Any CPU.ActiveCfg = Debug|Any CPU
		{CBA40CDE-937B-42F8-805A-EAD55AE0CA3E}.Ad-Hoc|Any CPU.Build.0 = Debug|Any CPU
		{CBA40CDE-937B-42F8-805A-EAD55AE0CA3E}.Ad-Hoc|Any CPU.Deploy.0 = Debug|Any CPU
		{CBA40CDE-937B-42F8-805A-EAD55AE0CA3E}.Ad-Hoc|ARM.ActiveCfg = Debug|Any CPU
		{CBA40CDE-937B-42F8-805A-EAD55AE0CA3E}.Ad-Hoc|ARM.Build.0 = Debug|Any CPU
		{CBA40CDE-937B-42F8-805A-EAD55AE0CA3E}.Ad-Hoc|ARM.Deploy.0 = Debug|Any CPU
		{CBA40CDE-937B-42F8-805A-EAD55AE0CA3E}.Ad-Hoc|iPhone.ActiveCfg = Debug|Any CPU
		{CBA40CDE-937B-42F8-805A-EAD55AE0CA3E}.Ad-Hoc|iPhone.Build.0 = Debug|Any CPU
		{CBA40CDE-937B-42F8-805A-EAD55AE0CA3E}.Ad-Hoc|iPhone.Deploy.0 = Debug|Any CPU
		{CBA40CDE-937B-42F8-805A-EAD55AE0CA3E}.Ad-Hoc|iPhoneSimulator.ActiveCfg = Debug|Any CPU
		{CBA40CDE-937B-42F8-805A-EAD55AE0CA3E}.Ad-Hoc|iPhoneSimulator.Build.0 = Debug|Any CPU
		{CBA40CDE-937B-42F8-805A-EAD55AE0CA3E}.Ad-Hoc|iPhoneSimulator.Deploy.0 = Debug|Any CPU
		{CBA40CDE-937B-42F8-805A-EAD55AE0CA3E}.Ad-Hoc|x64.ActiveCfg = Debug|Any CPU
		{CBA40CDE-937B-42F8-805A-EAD55AE0CA3E}.Ad-Hoc|x64.Build.0 = Debug|Any CPU
		{CBA40CDE-937B-42F8-805A-EAD55AE0CA3E}.Ad-Hoc|x64.Deploy.0 = Debug|Any CPU
		{CBA40CDE-937B-42F8-805A-EAD55AE0CA3E}.Ad-Hoc|x86.ActiveCfg = Debug|Any CPU
		{CBA40CDE-937B-42F8-805A-EAD55AE0CA3E}.Ad-Hoc|x86.Build.0 = Debug|Any CPU
		{CBA40CDE-937B-42F8-805A-EAD55AE0CA3E}.Ad-Hoc|x86.Deploy.0 = Debug|Any CPU
		{CBA40CDE-937B-42F8-805A-EAD55AE0CA3E}.AppStore|Any CPU.ActiveCfg = Debug|Any CPU
		{CBA40CDE-937B-42F8-805A-EAD55AE0CA3E}.AppStore|Any CPU.Build.0 = Debug|Any CPU
		{CBA40CDE-937B-42F8-805A-EAD55AE0CA3E}.AppStore|Any CPU.Deploy.0 = Debug|Any CPU
		{CBA40CDE-937B-42F8-805A-EAD55AE0CA3E}.AppStore|ARM.ActiveCfg = Debug|Any CPU
		{CBA40CDE-937B-42F8-805A-EAD55AE0CA3E}.AppStore|ARM.Build.0 = Debug|Any CPU
		{CBA40CDE-937B-42F8-805A-EAD55AE0CA3E}.AppStore|ARM.Deploy.0 = Debug|Any CPU
		{CBA40CDE-937B-42F8-805A-EAD55AE0CA3E}.AppStore|iPhone.ActiveCfg = Debug|Any CPU
		{CBA40CDE-937B-42F8-805A-EAD55AE0CA3E}.AppStore|iPhone.Build.0 = Debug|Any CPU
		{CBA40CDE-937B-42F8-805A-EAD55AE0CA3E}.AppStore|iPhone.Deploy.0 = Debug|Any CPU
		{CBA40CDE-937B-42F8-805A-EAD55AE0CA3E}.AppStore|iPhoneSimulator.ActiveCfg = Debug|Any CPU
		{CBA40CDE-937B-42F8-805A-EAD55AE0CA3E}.AppStore|iPhoneSimulator.Build.0 = Debug|Any CPU
		{CBA40CDE-937B-42F8-805A-EAD55AE0CA3E}.AppStore|iPhoneSimulator.Deploy.0 = Debug|Any CPU
		{CBA40CDE-937B-42F8-805A-EAD55AE0CA3E}.AppStore|x64.ActiveCfg = Debug|Any CPU
		{CBA40CDE-937B-42F8-805A-EAD55AE0CA3E}.AppStore|x64.Build.0 = Debug|Any CPU
		{CBA40CDE-937B-42F8-805A-EAD55AE0CA3E}.AppStore|x64.Deploy.0 = Debug|Any CPU
		{CBA40CDE-937B-42F8-805A-EAD55AE0CA3E}.AppStore|x86.ActiveCfg = Debug|Any CPU
		{CBA40CDE-937B-42F8-805A-EAD55AE0CA3E}.AppStore|x86.Build.0 = Debug|Any CPU
		{CBA40CDE-937B-42F8-805A-EAD55AE0CA3E}.AppStore|x86.Deploy.0 = Debug|Any CPU
		{CBA40CDE-937B-42F8-805A-EAD55AE0CA3E}.Debug|Any CPU.ActiveCfg = Debug|Any CPU
		{CBA40CDE-937B-42F8-805A-EAD55AE0CA3E}.Debug|Any CPU.Build.0 = Debug|Any CPU
		{CBA40CDE-937B-42F8-805A-EAD55AE0CA3E}.Debug|Any CPU.Deploy.0 = Debug|Any CPU
		{CBA40CDE-937B-42F8-805A-EAD55AE0CA3E}.Debug|ARM.ActiveCfg = Debug|Any CPU
		{CBA40CDE-937B-42F8-805A-EAD55AE0CA3E}.Debug|ARM.Build.0 = Debug|Any CPU
		{CBA40CDE-937B-42F8-805A-EAD55AE0CA3E}.Debug|ARM.Deploy.0 = Debug|Any CPU
		{CBA40CDE-937B-42F8-805A-EAD55AE0CA3E}.Debug|iPhone.ActiveCfg = Debug|Any CPU
		{CBA40CDE-937B-42F8-805A-EAD55AE0CA3E}.Debug|iPhone.Build.0 = Debug|Any CPU
		{CBA40CDE-937B-42F8-805A-EAD55AE0CA3E}.Debug|iPhone.Deploy.0 = Debug|Any CPU
		{CBA40CDE-937B-42F8-805A-EAD55AE0CA3E}.Debug|iPhoneSimulator.ActiveCfg = Debug|Any CPU
		{CBA40CDE-937B-42F8-805A-EAD55AE0CA3E}.Debug|iPhoneSimulator.Build.0 = Debug|Any CPU
		{CBA40CDE-937B-42F8-805A-EAD55AE0CA3E}.Debug|iPhoneSimulator.Deploy.0 = Debug|Any CPU
		{CBA40CDE-937B-42F8-805A-EAD55AE0CA3E}.Debug|x64.ActiveCfg = Debug|Any CPU
		{CBA40CDE-937B-42F8-805A-EAD55AE0CA3E}.Debug|x64.Build.0 = Debug|Any CPU
		{CBA40CDE-937B-42F8-805A-EAD55AE0CA3E}.Debug|x64.Deploy.0 = Debug|Any CPU
		{CBA40CDE-937B-42F8-805A-EAD55AE0CA3E}.Debug|x86.ActiveCfg = Debug|Any CPU
		{CBA40CDE-937B-42F8-805A-EAD55AE0CA3E}.Debug|x86.Build.0 = Debug|Any CPU
		{CBA40CDE-937B-42F8-805A-EAD55AE0CA3E}.Debug|x86.Deploy.0 = Debug|Any CPU
		{CBA40CDE-937B-42F8-805A-EAD55AE0CA3E}.Release|Any CPU.ActiveCfg = Release|Any CPU
		{CBA40CDE-937B-42F8-805A-EAD55AE0CA3E}.Release|Any CPU.Build.0 = Release|Any CPU
		{CBA40CDE-937B-42F8-805A-EAD55AE0CA3E}.Release|Any CPU.Deploy.0 = Release|Any CPU
		{CBA40CDE-937B-42F8-805A-EAD55AE0CA3E}.Release|ARM.ActiveCfg = Release|Any CPU
		{CBA40CDE-937B-42F8-805A-EAD55AE0CA3E}.Release|ARM.Build.0 = Release|Any CPU
		{CBA40CDE-937B-42F8-805A-EAD55AE0CA3E}.Release|ARM.Deploy.0 = Release|Any CPU
		{CBA40CDE-937B-42F8-805A-EAD55AE0CA3E}.Release|iPhone.ActiveCfg = Release|Any CPU
		{CBA40CDE-937B-42F8-805A-EAD55AE0CA3E}.Release|iPhone.Build.0 = Release|Any CPU
		{CBA40CDE-937B-42F8-805A-EAD55AE0CA3E}.Release|iPhone.Deploy.0 = Release|Any CPU
		{CBA40CDE-937B-42F8-805A-EAD55AE0CA3E}.Release|iPhoneSimulator.ActiveCfg = Release|Any CPU
		{CBA40CDE-937B-42F8-805A-EAD55AE0CA3E}.Release|iPhoneSimulator.Build.0 = Release|Any CPU
		{CBA40CDE-937B-42F8-805A-EAD55AE0CA3E}.Release|iPhoneSimulator.Deploy.0 = Release|Any CPU
		{CBA40CDE-937B-42F8-805A-EAD55AE0CA3E}.Release|x64.ActiveCfg = Release|Any CPU
		{CBA40CDE-937B-42F8-805A-EAD55AE0CA3E}.Release|x64.Build.0 = Release|Any CPU
		{CBA40CDE-937B-42F8-805A-EAD55AE0CA3E}.Release|x64.Deploy.0 = Release|Any CPU
		{CBA40CDE-937B-42F8-805A-EAD55AE0CA3E}.Release|x86.ActiveCfg = Release|Any CPU
		{CBA40CDE-937B-42F8-805A-EAD55AE0CA3E}.Release|x86.Build.0 = Release|Any CPU
		{CBA40CDE-937B-42F8-805A-EAD55AE0CA3E}.Release|x86.Deploy.0 = Release|Any CPU
	EndGlobalSection
	GlobalSection(SolutionProperties) = preSolution
		HideSolutionNode = FALSE
	EndGlobalSection
	GlobalSection(ExtensibilityGlobals) = postSolution
		SolutionGuid = {50C608A0-8180-4944-9DB4-C9014088AD46}
	EndGlobalSection
EndGlobal
